dependencies:
- name: nemotron-nano-9b-v2
  repository: file://./charts/nemotron-nano-9b-v2
  version: 3.3.0
- name: nemotron-3-nano
  repository: file://./charts/nemotron-3-nano
  version: 3.3.0
- name: cosmos-reason2-8b
  repository: file://./charts/cosmos-reason2-8b
  version: 3.3.0
- name: cosmos3-reasoner
  repository: file://./charts/cosmos3-reasoner
  version: 3.3.0
digest: sha256:3249389cc4951ff87377321ac76d09da813dc3f651a8b97d43fbe4039db7693c
generated: "2026-08-19T11:18:54.993388+05:30"
